
Microsoft Visual Studio Solution File, Format Version 12.00
# Visual Studio Version 17
VisualStudioVersion = 17.1.32228.430
MinimumVisualStudioVersion = 10.0.40219.1
Project("{FAE04EC0-301F-11D3-BF4B-00C04F79EFBC}") = "JJJ3", "JJJ3.csproj", "{2BABB61E-3C01-40A1-86C3-37F6747682CD}"
EndProject
Global
	GlobalSection(SolutionConfigurationPlatforms) = preSolution
		Debug|Any CPU = Debug|Any CPU
		Release|Any CPU = Release|Any CPU
	EndGlobalSection
	GlobalSection(ProjectConfigurationPlatforms) = postSolution
		{2BABB61E-3C01-40A1-86C3-37F6747682CD}.Debug|Any CPU.ActiveCfg = Debug|Any CPU
		{2BABB61E-3C01-40A1-86C3-37F6747682CD}.Debug|Any CPU.Build.0 = Debug|Any CPU
		{2BABB61E-3C01-40A1-86C3-37F6747682CD}.Release|Any CPU.ActiveCfg = Release|Any CPU
		{2BABB61E-3C01-40A1-86C3-37F6747682CD}.Release|Any CPU.Build.0 = Release|Any CPU
	EndGlobalSection
	GlobalSection(SolutionProperties) = preSolution
		HideSolutionNode = FALSE
	EndGlobalSection
	GlobalSection(ExtensibilityGlobals) = postSolution
		SolutionGuid = {4EE71D39-18E1-4407-AA8C-0D97B006B6A6}
	EndGlobalSection
EndGlobal
